// !$*UTF8*$!
{
	archiveVersion = 1;
	classes = {
	};
	objectVersion = 51;
	objects = {

/* Begin PBXBuildFile section */
		280B608E9AAF58B7F10FB1D9 /* Pods_Snacktacular.framework in Frameworks */ = {isa = PBXBuildFile; fileRef = F4213F3F38E6D826FFB58CFE /* Pods_Snacktacular.framework */; };
		3F141164256DD84700F22839 /* SnackUser.swift in Sources */ = {isa = PBXBuildFile; fileRef = 3F141163256DD84700F22839 /* SnackUser.swift */; };
		3F141169256DE97400F22839 /* SnackUserViewController.swift in Sources */ = {isa = PBXBuildFile; fileRef = 3F141168256DE97400F22839 /* SnackUserViewController.swift */; };
		3F14116E256DE9A500F22839 /* SnackUserTableViewCell.swift in Sources */ = {isa = PBXBuildFile; fileRef = 3F14116D256DE9A500F22839 /* SnackUserTableViewCell.swift */; };
		3F141173256DEB7F00F22839 /* SnackUsers.swift in Sources */ = {isa = PBXBuildFile; fileRef = 3F141172256DEB7F00F22839 /* SnackUsers.swift */; };
		3F424F7225532EB6009FE7DC /* GoogleService-Info.plist in Resources */ = {isa = PBXBuildFile; fileRef = 3F424F7125532EB6009FE7DC /* GoogleService-Info.plist */; };
		3F424F7A25533B17009FE7DC /* UIViewController+alert.swift in Sources */ = {isa = PBXBuildFile; fileRef = 3F424F7925533B17009FE7DC /* UIViewController+alert.swift */; };
		3F424F9D25536498009FE7DC /* Spots.swift in Sources */ = {isa = PBXBuildFile; fileRef = 3F424F9C25536498009FE7DC /* Spots.swift */; };
		3F424FA22555FDE1009FE7DC /* APIKeys.swift in Sources */ = {isa = PBXBuildFile; fileRef = 3F424FA12555FDE1009FE7DC /* APIKeys.swift */; };
		3F4E0320255B591600A5F651 /* ReviewTableViewController.swift in Sources */ = {isa = PBXBuildFile; fileRef = 3F4E031F255B591600A5F651 /* ReviewTableViewController.swift */; };
		3F4E0325255B691700A5F651 /* Review.swift in Sources */ = {isa = PBXBuildFile; fileRef = 3F4E0324255B691700A5F651 /* Review.swift */; };
		3F4E036C255B744300A5F651 /* Reviews.swift in Sources */ = {isa = PBXBuildFile; fileRef = 3F4E036B255B744300A5F651 /* Reviews.swift */; };
		3F4E0392255B9C6800A5F651 /* SpotReviewTableViewCell.swift in Sources */ = {isa = PBXBuildFile; fileRef = 3F4E0391255B9C6800A5F651 /* SpotReviewTableViewCell.swift */; };
		3F5448A32548CAD700784271 /* Spot.swift in Sources */ = {isa = PBXBuildFile; fileRef = 3F5448A22548CAD700784271 /* Spot.swift */; };
		3F713B07255CF28F00791667 /* UIView+addBorder.swift in Sources */ = {isa = PBXBuildFile; fileRef = 3F713B06255CF28F00791667 /* UIView+addBorder.swift */; };
		3F713B2D255CF31F00791667 /* UIBarButtonItem+hide.swift in Sources */ = {isa = PBXBuildFile; fileRef = 3F713B2C255CF31F00791667 /* UIBarButtonItem+hide.swift */; };
		3F9A8E632547C35A00069B59 /* SpotListViewController.swift in Sources */ = {isa = PBXBuildFile; fileRef = 3F9A8E622547C35A00069B59 /* SpotListViewController.swift */; };
		3F9A8E682547C52000069B59 /* SpotTableViewCell.swift in Sources */ = {isa = PBXBuildFile; fileRef = 3F9A8E672547C52000069B59 /* SpotTableViewCell.swift */; };
		3F9A8E6D2547C80F00069B59 /* SpotDetailViewController.swift in Sources */ = {isa = PBXBuildFile; fileRef = 3F9A8E6C2547C80F00069B59 /* SpotDetailViewController.swift */; };
		3FCA0BC82560430E0014A25C /* PhotoViewController.swift in Sources */ = {isa = PBXBuildFile; fileRef = 3FCA0BC72560430E0014A25C /* PhotoViewController.swift */; };
		3FCA0BEE256057B10014A25C /* Photo.swift in Sources */ = {isa = PBXBuildFile; fileRef = 3FCA0BED256057B10014A25C /* Photo.swift */; };
		3FCA0C78256248B00014A25C /* Photos.swift in Sources */ = {isa = PBXBuildFile; fileRef = 3FCA0C77256248B00014A25C /* Photos.swift */; };
		3FCA0C7D25624D2C0014A25C /* SpotPhotoCollectionViewCell.swift in Sources */ = {isa = PBXBuildFile; fileRef = 3FCA0C7C25624D2C0014A25C /* SpotPhotoCollectionViewCell.swift */; };
		3FD30AD42547A3F10090E936 /* AppDelegate.swift in Sources */ = {isa = PBXBuildFile; fileRef = 3FD30AD32547A3F10090E936 /* AppDelegate.swift */; };
		3FD30AD62547A3F10090E936 /* SceneDelegate.swift in Sources */ = {isa = PBXBuildFile; fileRef = 3FD30AD52547A3F10090E936 /* SceneDelegate.swift */; };
		3FD30AD82547A3F10090E936 /* LoginViewController.swift in Sources */ = {isa = PBXBuildFile; fileRef = 3FD30AD72547A3F10090E936 /* LoginViewController.swift */; };
		3FD30ADB2547A3F10090E936 /* Main.storyboard in Resources */ = {isa = PBXBuildFile; fileRef = 3FD30AD92547A3F10090E936 /* Main.storyboard */; };
		3FD30ADD2547A3F60090E936 /* Assets.xcassets in Resources */ = {isa = PBXBuildFile; fileRef = 3FD30ADC2547A3F60090E936 /* Assets.xcassets */; };
		3FD30AE02547A3F60090E936 /* LaunchScreen.storyboard in Resources */ = {isa = PBXBuildFile; fileRef = 3FD30ADE2547A3F60090E936 /* LaunchScreen.storyboard */; };
		3FD30AEB2547A3F60090E936 /* SnacktacularTests.swift in Sources */ = {isa = PBXBuildFile; fileRef = 3FD30AEA2547A3F60090E936 /* SnacktacularTests.swift */; };
		3FD30AF62547A3F70090E936 /* SnacktacularUITests.swift in Sources */ = {isa = PBXBuildFile; fileRef = 3FD30AF52547A3F70090E936 /* SnacktacularUITests.swift */; };
/* End PBXBuildFile section */

/* Begin PBXContainerItemProxy section */
		3FD30AE72547A3F60090E936 /* PBXContainerItemProxy */ = {
			isa = PBXContainerItemProxy;
			containerPortal = 3FD30AC82547A3F10090E936 /* Project object */;
			proxyType = 1;
			remoteGlobalIDString = 3FD30ACF2547A3F10090E936;
			remoteInfo = Snacktacular;
		};
		3FD30AF22547A3F70090E936 /* PBXContainerItemProxy */ = {
			isa = PBXContainerItemProxy;
			containerPortal = 3FD30AC82547A3F10090E936 /* Project object */;
			proxyType = 1;
			remoteGlobalIDString = 3FD30ACF2547A3F10090E936;
			remoteInfo = Snacktacular;
		};
/* End PBXContainerItemProxy section */

/* Begin PBXFileReference section */
		3F141163256DD84700F22839 /* SnackUser.swift */ = {isa = PBXFileReference; lastKnownFileType = sourcecode.swift; path = SnackUser.swift; sourceTree = "<group>"; };
		3F141168256DE97400F22839 /* SnackUserViewController.swift */ = {isa = PBXFileReference; lastKnownFileType = sourcecode.swift; path = SnackUserViewController.swift; sourceTree = "<group>"; };
		3F14116D256DE9A500F22839 /* SnackUserTableViewCell.swift */ = {isa = PBXFileReference; lastKnownFileType = sourcecode.swift; path = SnackUserTableViewCell.swift; sourceTree = "<group>"; };
		3F141172256DEB7F00F22839 /* SnackUsers.swift */ = {isa = PBXFileReference; lastKnownFileType = sourcecode.swift; path = SnackUsers.swift; sourceTree = "<group>"; };
		3F424F7125532EB6009FE7DC /* GoogleService-Info.plist */ = {isa = PBXFileReference; lastKnownFileType = text.plist; path = "GoogleService-Info.plist"; sourceTree = SOURCE_ROOT; };
		3F424F7925533B17009FE7DC /* UIViewController+alert.swift */ = {isa = PBXFileReference; fileEncoding = 4; lastKnownFileType = sourcecode.swift; path = "UIViewController+alert.swift"; sourceTree = "<group>"; };
		3F424F9C25536498009FE7DC /* Spots.swift */ = {isa = PBXFileReference; lastKnownFileType = sourcecode.swift; path = Spots.swift; sourceTree = "<group>"; };
		3F424FA12555FDE1009FE7DC /* APIKeys.swift */ = {isa = PBXFileReference; lastKnownFileType = sourcecode.swift; path = APIKeys.swift; sourceTree = "<group>"; };
		3F4E031F255B591600A5F651 /* ReviewTableViewController.swift */ = {isa = PBXFileReference; lastKnownFileType = sourcecode.swift; path = ReviewTableViewController.swift; sourceTree = "<group>"; };
		3F4E0324255B691700A5F651 /* Review.swift */ = {isa = PBXFileReference; lastKnownFileType = sourcecode.swift; path = Review.swift; sourceTree = "<group>"; };
		3F4E036B255B744300A5F651 /* Reviews.swift */ = {isa = PBXFileReference; lastKnownFileType = sourcecode.swift; path = Reviews.swift; sourceTree = "<group>"; };
		3F4E0391255B9C6800A5F651 /* SpotReviewTableViewCell.swift */ = {isa = PBXFileReference; lastKnownFileType = sourcecode.swift; path = SpotReviewTableViewCell.swift; sourceTree = "<group>"; };
		3F5448A22548CAD700784271 /* Spot.swift */ = {isa = PBXFileReference; lastKnownFileType = sourcecode.swift; path = Spot.swift; sourceTree = "<group>"; };
		3F713B06255CF28F00791667 /* UIView+addBorder.swift */ = {isa = PBXFileReference; lastKnownFileType = sourcecode.swift; path = "UIView+addBorder.swift"; sourceTree = "<group>"; };
		3F713B2C255CF31F00791667 /* UIBarButtonItem+hide.swift */ = {isa = PBXFileReference; lastKnownFileType = sourcecode.swift; path = "UIBarButtonItem+hide.swift"; sourceTree = "<group>"; };
		3F9A8E622547C35A00069B59 /* SpotListViewController.swift */ = {isa = PBXFileReference; lastKnownFileType = sourcecode.swift; path = SpotListViewController.swift; sourceTree = "<group>"; };
		3F9A8E672547C52000069B59 /* SpotTableViewCell.swift */ = {isa = PBXFileReference; lastKnownFileType = sourcecode.swift; path = SpotTableViewCell.swift; sourceTree = "<group>"; };
		3F9A8E6C2547C80F00069B59 /* SpotDetailViewController.swift */ = {isa = PBXFileReference; lastKnownFileType = sourcecode.swift; path = SpotDetailViewController.swift; sourceTree = "<group>"; };
		3FCA0BC72560430E0014A25C /* PhotoViewController.swift */ = {isa = PBXFileReference; lastKnownFileType = sourcecode.swift; path = PhotoViewController.swift; sourceTree = "<group>"; };
		3FCA0BED256057B10014A25C /* Photo.swift */ = {isa = PBXFileReference; lastKnownFileType = sourcecode.swift; path = Photo.swift; sourceTree = "<group>"; };
		3FCA0C77256248B00014A25C /* Photos.swift */ = {isa = PBXFileReference; lastKnownFileType = sourcecode.swift; path = Photos.swift; sourceTree = "<group>"; };
		3FCA0C7C25624D2C0014A25C /* SpotPhotoCollectionViewCell.swift */ = {isa = PBXFileReference; lastKnownFileType = sourcecode.swift; path = SpotPhotoCollectionViewCell.swift; sourceTree = "<group>"; };
		3FD30AD02547A3F10090E936 /* Snacktacular.app */ = {isa = PBXFileReference; explicitFileType = wrapper.application; includeInIndex = 0; path = Snacktacular.app; sourceTree = BUILT_PRODUCTS_DIR; };
		3FD30AD32547A3F10090E936 /* AppDelegate.swift */ = {isa = PBXFileReference; lastKnownFileType = sourcecode.swift; path = AppDelegate.swift; sourceTree = "<group>"; };
		3FD30AD52547A3F10090E936 /* SceneDelegate.swift */ = {isa = PBXFileReference; lastKnownFileType = sourcecode.swift; path = SceneDelegate.swift; sourceTree = "<group>"; };
		3FD30AD72547A3F10090E936 /* LoginViewController.swift */ = {isa = PBXFileReference; lastKnownFileType = sourcecode.swift; path = LoginViewController.swift; sourceTree = "<group>"; };
		3FD30ADA2547A3F10090E936 /* Base */ = {isa = PBXFileReference; lastKnownFileType = file.storyboard; name = Base; path = Base.lproj/Main.storyboard; sourceTree = "<group>"; };
		3FD30ADC2547A3F60090E936 /* Assets.xcassets */ = {isa = PBXFileReference; lastKnownFileType = folder.assetcatalog; path = Assets.xcassets; sourceTree = "<group>"; };
		3FD30ADF2547A3F60090E936 /* Base */ = {isa = PBXFileReference; lastKnownFileType = file.storyboard; name = Base; path = Base.lproj/LaunchScreen.storyboard; sourceTree = "<group>"; };
		3FD30AE12547A3F60090E936 /* Info.plist */ = {isa = PBXFileReference; lastKnownFileType = text.plist.xml; path = Info.plist; sourceTree = "<group>"; };
		3FD30AE62547A3F60090E936 /* SnacktacularTests.xctest */ = {isa = PBXFileReference; explicitFileType = wrapper.cfbundle; includeInIndex = 0; path = SnacktacularTests.xctest; sourceTree = BUILT_PRODUCTS_DIR; };
		3FD30AEA2547A3F60090E936 /* SnacktacularTests.swift */ = {isa = PBXFileReference; lastKnownFileType = sourcecode.swift; path = SnacktacularTests.swift; sourceTree = "<group>"; };
		3FD30AEC2547A3F60090E936 /* Info.plist */ = {isa = PBXFileReference; lastKnownFileType = text.plist.xml; path = Info.plist; sourceTree = "<group>"; };
		3FD30AF12547A3F70090E936 /* SnacktacularUITests.xctest */ = {isa = PBXFileReference; explicitFileType = wrapper.cfbundle; includeInIndex = 0; path = SnacktacularUITests.xctest; sourceTree = BUILT_PRODUCTS_DIR; };
		3FD30AF52547A3F70090E936 /* SnacktacularUITests.swift */ = {isa = PBXFileReference; lastKnownFileType = sourcecode.swift; path = SnacktacularUITests.swift; sourceTree = "<group>"; };
		3FD30AF72547A3F70090E936 /* Info.plist */ = {isa = PBXFileReference; lastKnownFileType = text.plist.xml; path = Info.plist; sourceTree = "<group>"; };
		55DF2F54E75834F5F4F34792 /* Pods-Snacktacular.release.xcconfig */ = {isa = PBXFileReference; includeInIndex = 1; lastKnownFileType = text.xcconfig; name = "Pods-Snacktacular.release.xcconfig"; path = "Target Support Files/Pods-Snacktacular/Pods-Snacktacular.release.xcconfig"; sourceTree = "<group>"; };
		A2941773D58CA7795495DEDE /* Pods-Snacktacular.debug.xcconfig */ = {isa = PBXFileReference; includeInIndex = 1; lastKnownFileType = text.xcconfig; name = "Pods-Snacktacular.debug.xcconfig"; path = "Target Support Files/Pods-Snacktacular/Pods-Snacktacular.debug.xcconfig"; sourceTree = "<group>"; };
		F4213F3F38E6D826FFB58CFE /* Pods_Snacktacular.framework */ = {isa = PBXFileReference; explicitFileType = wrapper.framework; includeInIndex = 0; path = Pods_Snacktacular.framework; sourceTree = BUILT_PRODUCTS_DIR; };
/* End PBXFileReference section */

/* Begin PBXFrameworksBuildPhase section */
		3FD30ACD2547A3F10090E936 /* Frameworks */ = {
			isa = PBXFrameworksBuildPhase;
			buildActionMask = 2147483647;
			files = (
				280B608E9AAF58B7F10FB1D9 /* Pods_Snacktacular.framework in Frameworks */,
			);
			runOnlyForDeploymentPostprocessing = 0;
		};
		3FD30AE32547A3F60090E936 /* Frameworks */ = {
			isa = PBXFrameworksBuildPhase;
			buildActionMask = 2147483647;
			files = (
			);
			runOnlyForDeploymentPostprocessing = 0;
		};
		3FD30AEE2547A3F70090E936 /* Frameworks */ = {
			isa = PBXFrameworksBuildPhase;
			buildActionMask = 2147483647;
			files = (
			);
			runOnlyForDeploymentPostprocessing = 0;
		};
/* End PBXFrameworksBuildPhase section */

/* Begin PBXGroup section */
		3F141177256DFA7300F22839 /* Models */ = {
			isa = PBXGroup;
			children = (
				3F5448A22548CAD700784271 /* Spot.swift */,
				3F424F9C25536498009FE7DC /* Spots.swift */,
				3F4E0324255B691700A5F651 /* Review.swift */,
				3F4E036B255B744300A5F651 /* Reviews.swift */,
				3FCA0BED256057B10014A25C /* Photo.swift */,
				3FCA0C77256248B00014A25C /* Photos.swift */,
				3F141163256DD84700F22839 /* SnackUser.swift */,
				3F141172256DEB7F00F22839 /* SnackUsers.swift */,
			);
			path = Models;
			sourceTree = "<group>";
		};
		3F141181256DFABD00F22839 /* Controllers */ = {
			isa = PBXGroup;
			children = (
				3FD30AD72547A3F10090E936 /* LoginViewController.swift */,
				3F9A8E622547C35A00069B59 /* SpotListViewController.swift */,
				3F9A8E6C2547C80F00069B59 /* SpotDetailViewController.swift */,
				3F4E031F255B591600A5F651 /* ReviewTableViewController.swift */,
				3FCA0BC72560430E0014A25C /* PhotoViewController.swift */,
				3F141168256DE97400F22839 /* SnackUserViewController.swift */,
			);
			path = Controllers;
			sourceTree = "<group>";
		};
		3F141185256DFAD300F22839 /* Views */ = {
			isa = PBXGroup;
			children = (
				3F9A8E672547C52000069B59 /* SpotTableViewCell.swift */,
				3F4E0391255B9C6800A5F651 /* SpotReviewTableViewCell.swift */,
				3FCA0C7C25624D2C0014A25C /* SpotPhotoCollectionViewCell.swift */,
				3F14116D256DE9A500F22839 /* SnackUserTableViewCell.swift */,
			);
			path = Views;
			sourceTree = "<group>";
		};
		3F14118C256DFAE200F22839 /* Utilities */ = {
			isa = PBXGroup;
			children = (
				3F424F7925533B17009FE7DC /* UIViewController+alert.swift */,
				3F713B06255CF28F00791667 /* UIView+addBorder.swift */,
				3F713B2C255CF31F00791667 /* UIBarButtonItem+hide.swift */,
				3F424FA12555FDE1009FE7DC /* APIKeys.swift */,
			);
			path = Utilities;
			sourceTree = "<group>";
		};
		3FD30AC72547A3F10090E936 = {
			isa = PBXGroup;
			children = (
				3FD30AD22547A3F10090E936 /* Snacktacular */,
				3FD30AE92547A3F60090E936 /* SnacktacularTests */,
				3FD30AF42547A3F70090E936 /* SnacktacularUITests */,
				3FD30AD12547A3F10090E936 /* Products */,
				C291728423E6C7CBF2F18755 /* Pods */,
				C99A73F2AE6DF9A5575F2E1A /* Frameworks */,
			);
			sourceTree = "<group>";
		};
		3FD30AD12547A3F10090E936 /* Products */ = {
			isa = PBXGroup;
			children = (
				3FD30AD02547A3F10090E936 /* Snacktacular.app */,
				3FD30AE62547A3F60090E936 /* SnacktacularTests.xctest */,
				3FD30AF12547A3F70090E936 /* SnacktacularUITests.xctest */,
			);
			name = Products;
			sourceTree = "<group>";
		};
		3FD30AD22547A3F10090E936 /* Snacktacular */ = {
			isa = PBXGroup;
			children = (
				3FD30AD32547A3F10090E936 /* AppDelegate.swift */,
				3FD30AD52547A3F10090E936 /* SceneDelegate.swift */,
				3F141177256DFA7300F22839 /* Models */,
				3F141181256DFABD00F22839 /* Controllers */,
				3F141185256DFAD300F22839 /* Views */,
				3F14118C256DFAE200F22839 /* Utilities */,
				3FD30AD92547A3F10090E936 /* Main.storyboard */,
				3FD30ADC2547A3F60090E936 /* Assets.xcassets */,
				3FD30ADE2547A3F60090E936 /* LaunchScreen.storyboard */,
				3FD30AE12547A3F60090E936 /* Info.plist */,
				3F424F7125532EB6009FE7DC /* GoogleService-Info.plist */,
			);
			path = Snacktacular;
			sourceTree = "<group>";
		};
		3FD30AE92547A3F60090E936 /* SnacktacularTests */ = {
			isa = PBXGroup;
			children = (
				3FD30AEA2547A3F60090E936 /* SnacktacularTests.swift */,
				3FD30AEC2547A3F60090E936 /* Info.plist */,
			);
			path = SnacktacularTests;
			sourceTree = "<group>";
		};
		3FD30AF42547A3F70090E936 /* SnacktacularUITests */ = {
			isa = PBXGroup;
			children = (
				3FD30AF52547A3F70090E936 /* SnacktacularUITests.swift */,
				3FD30AF72547A3F70090E936 /* Info.plist */,
			);
			path = SnacktacularUITests;
			sourceTree = "<group>";
		};
		C291728423E6C7CBF2F18755 /* Pods */ = {
			isa = PBXGroup;
			children = (
				A2941773D58CA7795495DEDE /* Pods-Snacktacular.debug.xcconfig */,
				55DF2F54E75834F5F4F34792 /* Pods-Snacktacular.release.xcconfig */,
			);
			path = Pods;
			sourceTree = "<group>";
		};
		C99A73F2AE6DF9A5575F2E1A /* Frameworks */ = {
			isa = PBXGroup;
			children = (
				F4213F3F38E6D826FFB58CFE /* Pods_Snacktacular.framework */,
			);
			name = Frameworks;
			sourceTree = "<group>";
		};
/* End PBXGroup section */

/* Begin PBXNativeTarget section */
		3FD30ACF2547A3F10090E936 /* Snacktacular */ = {
			isa = PBXNativeTarget;
			buildConfigurationList = 3FD30AFA2547A3F70090E936 /* Build configuration list for PBXNativeTarget "Snacktacular" */;
			buildPhases = (
				5A39D8C45761E4DFADAB5EE4 /* [CP] Check Pods Manifest.lock */,
				3FD30ACC2547A3F10090E936 /* Sources */,
				3FD30ACD2547A3F10090E936 /* Frameworks */,
				3FD30ACE2547A3F10090E936 /* Resources */,
				F72734AE27344F116133F02A /* [CP] Embed Pods Frameworks */,
				5B18C10E1824572B86807F12 /* [CP] Copy Pods Resources */,
			);
			buildRules = (
			);
			dependencies = (
			);
			name = Snacktacular;
			productName = Snacktacular;
			productReference = 3FD30AD02547A3F10090E936 /* Snacktacular.app */;
			productType = "com.apple.product-type.application";
		};
		3FD30AE52547A3F60090E936 /* SnacktacularTests */ = {
			isa = PBXNativeTarget;
			buildConfigurationList = 3FD30AFD2547A3F70090E936 /* Build configuration list for PBXNativeTarget "SnacktacularTests" */;
			buildPhases = (
				3FD30AE22547A3F60090E936 /* Sources */,
				3FD30AE32547A3F60090E936 /* Frameworks */,
				3FD30AE42547A3F60090E936 /* Resources */,
			);
			buildRules = (
			);
			dependencies = (
				3FD30AE82547A3F60090E936 /* PBXTargetDependency */,
			);
			name = SnacktacularTests;
			productName = SnacktacularTests;
			productReference = 3FD30AE62547A3F60090E936 /* SnacktacularTests.xctest */;
			productType = "com.apple.product-type.bundle.unit-test";
		};
		3FD30AF02547A3F70090E936 /* SnacktacularUITests */ = {
			isa = PBXNativeTarget;
			buildConfigurationList = 3FD30B002547A3F70090E936 /* Build configuration list for PBXNativeTarget "SnacktacularUITests" */;
			buildPhases = (
				3FD30AED2547A3F70090E936 /* Sources */,
				3FD30AEE2547A3F70090E936 /* Frameworks */,
				3FD30AEF2547A3F70090E936 /* Resources */,
			);
			buildRules = (
			);
			dependencies = (
				3FD30AF32547A3F70090E936 /* PBXTargetDependency */,
			);
			name = SnacktacularUITests;
			productName = SnacktacularUITests;
			productReference = 3FD30AF12547A3F70090E936 /* SnacktacularUITests.xctest */;
			productType = "com.apple.product-type.bundle.ui-testing";
		};
/* End PBXNativeTarget section */

/* Begin PBXProject section */
		3FD30AC82547A3F10090E936 /* Project object */ = {
			isa = PBXProject;
			attributes = {
				LastSwiftUpdateCheck = 1200;
				LastUpgradeCheck = 1200;
				TargetAttributes = {
					3FD30ACF2547A3F10090E936 = {
						CreatedOnToolsVersion = 12.0.1;
					};
					3FD30AE52547A3F60090E936 = {
						CreatedOnToolsVersion = 12.0.1;
						TestTargetID = 3FD30ACF2547A3F10090E936;
					};
					3FD30AF02547A3F70090E936 = {
						CreatedOnToolsVersion = 12.0.1;
						TestTargetID = 3FD30ACF2547A3F10090E936;
					};
				};
			};
			buildConfigurationList = 3FD30ACB2547A3F10090E936 /* Build configuration list for PBXProject "Snacktacular" */;
			compatibilityVersion = "Xcode 9.3";
			developmentRegion = en;
			hasScannedForEncodings = 0;
			knownRegions = (
				en,
				Base,
			);
			mainGroup = 3FD30AC72547A3F10090E936;
			productRefGroup = 3FD30AD12547A3F10090E936 /* Products */;
			projectDirPath = "";
			projectRoot = "";
			targets = (
				3FD30ACF2547A3F10090E936 /* Snacktacular */,
				3FD30AE52547A3F60090E936 /* SnacktacularTests */,
				3FD30AF02547A3F70090E936 /* SnacktacularUITests */,
			);
		};
/* End PBXProject section */

/* Begin PBXResourcesBuildPhase section */
		3FD30ACE2547A3F10090E936 /* Resources */ = {
			isa = PBXResourcesBuildPhase;
			buildActionMask = 2147483647;
			files = (
				3FD30AE02547A3F60090E936 /* LaunchScreen.storyboard in Resources */,
				3F424F7225532EB6009FE7DC /* GoogleService-Info.plist in Resources */,
				3FD30ADD2547A3F60090E936 /* Assets.xcassets in Resources */,
				3FD30ADB2547A3F10090E936 /* Main.storyboard in Resources */,
			);
			runOnlyForDeploymentPostprocessing = 0;
		};
		3FD30AE42547A3F60090E936 /* Resources */ = {
			isa = PBXResourcesBuildPhase;
			buildActionMask = 2147483647;
			files = (
			);
			runOnlyForDeploymentPostprocessing = 0;
		};
		3FD30AEF2547A3F70090E936 /* Resources */ = {
			isa = PBXResourcesBuildPhase;
			buildActionMask = 2147483647;
			files = (
			);
			runOnlyForDeploymentPostprocessing = 0;
		};
/* End PBXResourcesBuildPhase section */

/* Begin PBXShellScriptBuildPhase section */
		5A39D8C45761E4DFADAB5EE4 /* [CP] Check Pods Manifest.lock */ = {
			isa = PBXShellScriptBuildPhase;
			buildActionMask = 2147483647;
			files = (
			);
			inputFileListPaths = (
			);
			inputPaths = (
				"${PODS_PODFILE_DIR_PATH}/Podfile.lock",
				"${PODS_ROOT}/Manifest.lock",
			);
			name = "[CP] Check Pods Manifest.lock";
			outputFileListPaths = (
			);
			outputPaths = (
				"$(DERIVED_FILE_DIR)/Pods-Snacktacular-checkManifestLockResult.txt",
			);
			runOnlyForDeploymentPostprocessing = 0;
			shellPath = /bin/sh;
			shellScript = "diff \"${PODS_PODFILE_DIR_PATH}/Podfile.lock\" \"${PODS_ROOT}/Manifest.lock\" > /dev/null\nif [ $? != 0 ] ; then\n    # print error to STDERR\n    echo \"error: The sandbox is not in sync with the Podfile.lock. Run 'pod install' or update your CocoaPods installation.\" >&2\n    exit 1\nfi\n# This output is used by Xcode 'outputs' to avoid re-running this script phase.\necho \"SUCCESS\" > \"${SCRIPT_OUTPUT_FILE_0}\"\n";
			showEnvVarsInLog = 0;
		};
		5B18C10E1824572B86807F12 /* [CP] Copy Pods Resources */ = {
			isa = PBXShellScriptBuildPhase;
			buildActionMask = 2147483647;
			files = (
			);
			inputFileListPaths = (
				"${PODS_ROOT}/Target Support Files/Pods-Snacktacular/Pods-Snacktacular-resources-${CONFIGURATION}-input-files.xcfilelist",
			);
			name = "[CP] Copy Pods Resources";
			outputFileListPaths = (
				"${PODS_ROOT}/Target Support Files/Pods-Snacktacular/Pods-Snacktacular-resources-${CONFIGURATION}-output-files.xcfilelist",
			);
			runOnlyForDeploymentPostprocessing = 0;
			shellPath = /bin/sh;
			shellScript = "\"${PODS_ROOT}/Target Support Files/Pods-Snacktacular/Pods-Snacktacular-resources.sh\"\n";
			showEnvVarsInLog = 0;
		};
		F72734AE27344F116133F02A /* [CP] Embed Pods Frameworks */ = {
			isa = PBXShellScriptBuildPhase;
			buildActionMask = 2147483647;
			files = (
			);
			inputFileListPaths = (
				"${PODS_ROOT}/Target Support Files/Pods-Snacktacular/Pods-Snacktacular-frameworks-${CONFIGURATION}-input-files.xcfilelist",
			);
			name = "[CP] Embed Pods Frameworks";
			outputFileListPaths = (
				"${PODS_ROOT}/Target Support Files/Pods-Snacktacular/Pods-Snacktacular-frameworks-${CONFIGURATION}-output-files.xcfilelist",
			);
			runOnlyForDeploymentPostprocessing = 0;
			shellPath = /bin/sh;
			shellScript = "\"${PODS_ROOT}/Target Support Files/Pods-Snacktacular/Pods-Snacktacular-frameworks.sh\"\n";
			showEnvVarsInLog = 0;
		};
/* End PBXShellScriptBuildPhase section */

/* Begin PBXSourcesBuildPhase section */
		3FD30ACC2547A3F10090E936 /* Sources */ = {
			isa = PBXSourcesBuildPhase;
			buildActionMask = 2147483647;
			files = (
				3F4E036C255B744300A5F651 /* Reviews.swift in Sources */,
				3F9A8E632547C35A00069B59 /* SpotListViewController.swift in Sources */,
				3FD30AD82547A3F10090E936 /* LoginViewController.swift in Sources */,
				3FD30AD42547A3F10090E936 /* AppDelegate.swift in Sources */,
				3F9A8E6D2547C80F00069B59 /* SpotDetailViewController.swift in Sources */,
				3FCA0C78256248B00014A25C /* Photos.swift in Sources */,
				3F4E0320255B591600A5F651 /* ReviewTableViewController.swift in Sources */,
				3F4E0325255B691700A5F651 /* Review.swift in Sources */,
				3F424F9D25536498009FE7DC /* Spots.swift in Sources */,
				3F713B2D255CF31F00791667 /* UIBarButtonItem+hide.swift in Sources */,
				3F9A8E682547C52000069B59 /* SpotTableViewCell.swift in Sources */,
				3FCA0BC82560430E0014A25C /* PhotoViewController.swift in Sources */,
				3F4E0392255B9C6800A5F651 /* SpotReviewTableViewCell.swift in Sources */,
				3FCA0BEE256057B10014A25C /* Photo.swift in Sources */,
				3F14116E256DE9A500F22839 /* SnackUserTableViewCell.swift in Sources */,
				3F141169256DE97400F22839 /* SnackUserViewController.swift in Sources */,
				3F424FA22555FDE1009FE7DC /* APIKeys.swift in Sources */,
				3F5448A32548CAD700784271 /* Spot.swift in Sources */,
				3FD30AD62547A3F10090E936 /* SceneDelegate.swift in Sources */,
				3F141164256DD84700F22839 /* SnackUser.swift in Sources */,
				3FCA0C7D25624D2C0014A25C /* SpotPhotoCollectionViewCell.swift in Sources */,
				3F141173256DEB7F00F22839 /* SnackUsers.swift in Sources */,
				3F424F7A25533B17009FE7DC /* UIViewController+alert.swift in Sources */,
				3F713B07255CF28F00791667 /* UIView+addBorder.swift in Sources */,
			);
			runOnlyForDeploymentPostprocessing = 0;
		};
		3FD30AE22547A3F60090E936 /* Sources */ = {
			isa = PBXSourcesBuildPhase;
			buildActionMask = 2147483647;
			files = (
				3FD30AEB2547A3F60090E936 /* SnacktacularTests.swift in Sources */,
			);
			runOnlyForDeploymentPostprocessing = 0;
		};
		3FD30AED2547A3F70090E936 /* Sources */ = {
			isa = PBXSourcesBuildPhase;
			buildActionMask = 2147483647;
			files = (
				3FD30AF62547A3F70090E936 /* SnacktacularUITests.swift in Sources */,
			);
			runOnlyForDeploymentPostprocessing = 0;
		};
/* End PBXSourcesBuildPhase section */

/* Begin PBXTargetDependency section */
		3FD30AE82547A3F60090E936 /* PBXTargetDependency */ = {
			isa = PBXTargetDependency;
			target = 3FD30ACF2547A3F10090E936 /* Snacktacular */;
			targetProxy = 3FD30AE72547A3F60090E936 /* PBXContainerItemProxy */;
		};
		3FD30AF32547A3F70090E936 /* PBXTargetDependency */ = {
			isa = PBXTargetDependency;
			target = 3FD30ACF2547A3F10090E936 /* Snacktacular */;
			targetProxy = 3FD30AF22547A3F70090E936 /* PBXContainerItemProxy */;
		};
/* End PBXTargetDependency section */

/* Begin PBXVariantGroup section */
		3FD30AD92547A3F10090E936 /* Main.storyboard */ = {
			isa = PBXVariantGroup;
			children = (
				3FD30ADA2547A3F10090E936 /* Base */,
			);
			name = Main.storyboard;
			sourceTree = "<group>";
		};
		3FD30ADE2547A3F60090E936 /* LaunchScreen.storyboard */ = {
			isa = PBXVariantGroup;
			children = (
				3FD30ADF2547A3F60090E936 /* Base */,
			);
			name = LaunchScreen.storyboard;
			sourceTree = "<group>";
		};
/* End PBXVariantGroup section */

/* Begin XCBuildConfiguration section */
		3FD30AF82547A3F70090E936 /* Debug */ = {
			isa = XCBuildConfiguration;
			buildSettings = {
				ALWAYS_SEARCH_USER_PATHS = NO;
				CLANG_ANALYZER_NONNULL = YES;
				CLANG_ANALYZER_NUMBER_OBJECT_CONVERSION = YES_AGGRESSIVE;
				CLANG_CXX_LANGUAGE_STANDARD = "gnu++14";
				CLANG_CXX_LIBRARY = "libc++";
				CLANG_ENABLE_MODULES = YES;
				CLANG_ENABLE_OBJC_ARC = YES;
				CLANG_ENABLE_OBJC_WEAK = YES;
				CLANG_WARN_BLOCK_CAPTURE_AUTORELEASING = YES;
				CLANG_WARN_BOOL_CONVERSION = YES;
				CLANG_WARN_COMMA = YES;
				CLANG_WARN_CONSTANT_CONVERSION = YES;
				CLANG_WARN_DEPRECATED_OBJC_IMPLEMENTATIONS = YES;
				CLANG_WARN_DIRECT_OBJC_ISA_USAGE = YES_ERROR;
				CLANG_WARN_DOCUMENTATION_COMMENTS = YES;
				CLANG_WARN_EMPTY_BODY = YES;
				CLANG_WARN_ENUM_CONVERSION = YES;
				CLANG_WARN_INFINITE_RECURSION = YES;
				CLANG_WARN_INT_CONVERSION = YES;
				CLANG_WARN_NON_LITERAL_NULL_CONVERSION = YES;
				CLANG_WARN_OBJC_IMPLICIT_RETAIN_SELF = YES;
				CLANG_WARN_OBJC_LITERAL_CONVERSION = YES;
				CLANG_WARN_OBJC_ROOT_CLASS = YES_ERROR;
				CLANG_WARN_QUOTED_INCLUDE_IN_FRAMEWORK_HEADER = YES;
				CLANG_WARN_RANGE_LOOP_ANALYSIS = YES;
				CLANG_WARN_STRICT_PROTOTYPES = YES;
				CLANG_WARN_SUSPICIOUS_MOVE = YES;
				CLANG_WARN_UNGUARDED_AVAILABILITY = YES_AGGRESSIVE;
				CLANG_WARN_UNREACHABLE_CODE = YES;
				CLANG_WARN__DUPLICATE_METHOD_MATCH = YES;
				COPY_PHASE_STRIP = NO;
				DEBUG_INFORMATION_FORMAT = dwarf;
				ENABLE_STRICT_OBJC_MSGSEND = YES;
				ENABLE_TESTABILITY = YES;
				GCC_C_LANGUAGE_STANDARD = gnu11;
				GCC_DYNAMIC_NO_PIC = NO;
				GCC_NO_COMMON_BLOCKS = YES;
				GCC_OPTIMIZATION_LEVEL = 0;
				GCC_PREPROCESSOR_DEFINITIONS = (
					"DEBUG=1",
					"$(inherited)",
				);
				GCC_WARN_64_TO_32_BIT_CONVERSION = YES;
				GCC_WARN_ABOUT_RETURN_TYPE = YES_ERROR;
				GCC_WARN_UNDECLARED_SELECTOR = YES;
				GCC_WARN_UNINITIALIZED_AUTOS = YES_AGGRESSIVE;
				GCC_WARN_UNUSED_FUNCTION = YES;
				GCC_WARN_UNUSED_VARIABLE = YES;
				IPHONEOS_DEPLOYMENT_TARGET = 14.0;
				MTL_ENABLE_DEBUG_INFO = INCLUDE_SOURCE;
				MTL_FAST_MATH = YES;
				ONLY_ACTIVE_ARCH = YES;
				SDKROOT = iphoneos;
				SWIFT_ACTIVE_COMPILATION_CONDITIONS = DEBUG;
				SWIFT_OPTIMIZATION_LEVEL = "-Onone";
			};
			name = Debug;
		};
		3FD30AF92547A3F70090E936 /* Release */ = {
			isa = XCBuildConfiguration;
			buildSettings = {
				ALWAYS_SEARCH_USER_PATHS = NO;
				CLANG_ANALYZER_NONNULL = YES;
				CLANG_ANALYZER_NUMBER_OBJECT_CONVERSION = YES_AGGRESSIVE;
				CLANG_CXX_LANGUAGE_STANDARD = "gnu++14";
				CLANG_CXX_LIBRARY = "libc++";
				CLANG_ENABLE_MODULES = YES;
				CLANG_ENABLE_OBJC_ARC = YES;
				CLANG_ENABLE_OBJC_WEAK = YES;
				CLANG_WARN_BLOCK_CAPTURE_AUTORELEASING = YES;
				CLANG_WARN_BOOL_CONVERSION = YES;
				CLANG_WARN_COMMA = YES;
				CLANG_WARN_CONSTANT_CONVERSION = YES;
				CLANG_WARN_DEPRECATED_OBJC_IMPLEMENTATIONS = YES;
				CLANG_WARN_DIRECT_OBJC_ISA_USAGE = YES_ERROR;
				CLANG_WARN_DOCUMENTATION_COMMENTS = YES;
				CLANG_WARN_EMPTY_BODY = YES;
				CLANG_WARN_ENUM_CONVERSION = YES;
				CLANG_WARN_INFINITE_RECURSION = YES;
				CLANG_WARN_INT_CONVERSION = YES;
				CLANG_WARN_NON_LITERAL_NULL_CONVERSION = YES;
				CLANG_WARN_OBJC_IMPLICIT_RETAIN_SELF = YES;
				CLANG_WARN_OBJC_LITERAL_CONVERSION = YES;
				CLANG_WARN_OBJC_ROOT_CLASS = YES_ERROR;
				CLANG_WARN_QUOTED_INCLUDE_IN_FRAMEWORK_HEADER = YES;
				CLANG_WARN_RANGE_LOOP_ANALYSIS = YES;
				CLANG_WARN_STRICT_PROTOTYPES = YES;
				CLANG_WARN_SUSPICIOUS_MOVE = YES;
				CLANG_WARN_UNGUARDED_AVAILABILITY = YES_AGGRESSIVE;
				CLANG_WARN_UNREACHABLE_CODE = YES;
				CLANG_WARN__DUPLICATE_METHOD_MATCH = YES;
				COPY_PHASE_STRIP = NO;
				DEBUG_INFORMATION_FORMAT = "dwarf-with-dsym";
				ENABLE_NS_ASSERTIONS = NO;
				ENABLE_STRICT_OBJC_MSGSEND = YES;
				GCC_C_LANGUAGE_STANDARD = gnu11;
				GCC_NO_COMMON_BLOCKS = YES;
				GCC_WARN_64_TO_32_BIT_CONVERSION = YES;
				GCC_WARN_ABOUT_RETURN_TYPE = YES_ERROR;
				GCC_WARN_UNDECLARED_SELECTOR = YES;
				GCC_WARN_UNINITIALIZED_AUTOS = YES_AGGRESSIVE;
				GCC_WARN_UNUSED_FUNCTION = YES;
				GCC_WARN_UNUSED_VARIABLE = YES;
				IPHONEOS_DEPLOYMENT_TARGET = 14.0;
				MTL_ENABLE_DEBUG_INFO = NO;
				MTL_FAST_MATH = YES;
				SDKROOT = iphoneos;
				SWIFT_COMPILATION_MODE = wholemodule;
				SWIFT_OPTIMIZATION_LEVEL = "-O";
				VALIDATE_PRODUCT = YES;
			};
			name = Release;
		};
		3FD30AFB2547A3F70090E936 /* Debug */ = {
			isa = XCBuildConfiguration;
			baseConfigurationReference = A2941773D58CA7795495DEDE /* Pods-Snacktacular.debug.xcconfig */;
			buildSettings = {
				ASSETCATALOG_COMPILER_APPICON_NAME = AppIcon;
				ASSETCATALOG_COMPILER_GLOBAL_ACCENT_COLOR_NAME = AccentColor;
				CODE_SIGN_STYLE = Automatic;
				DEVELOPMENT_TEAM = 9F3792KRJK;
				INFOPLIST_FILE = Snacktacular/Info.plist;
				LD_RUNPATH_SEARCH_PATHS = (
					"$(inherited)",
					"@executable_path/Frameworks",
				);
				PRODUCT_BUNDLE_IDENTIFIER = com.Bertram.Snacktacular;
				PRODUCT_NAME = "$(TARGET_NAME)";
				SWIFT_VERSION = 5.0;
				TARGETED_DEVICE_FAMILY = "1,2";
			};
			name = Debug;
		};
		3FD30AFC2547A3F70090E936 /* Release */ = {
			isa = XCBuildConfiguration;
			baseConfigurationReference = 55DF2F54E75834F5F4F34792 /* Pods-Snacktacular.release.xcconfig */;
			buildSettings = {
				ASSETCATALOG_COMPILER_APPICON_NAME = AppIcon;
				ASSETCATALOG_COMPILER_GLOBAL_ACCENT_COLOR_NAME = AccentColor;
				CODE_SIGN_STYLE = Automatic;
				DEVELOPMENT_TEAM = 9F3792KRJK;
				INFOPLIST_FILE = Snacktacular/Info.plist;
				LD_RUNPATH_SEARCH_PATHS = (
					"$(inherited)",
					"@executable_path/Frameworks",
				);
				PRODUCT_BUNDLE_IDENTIFIER = com.Bertram.Snacktacular;
				PRODUCT_NAME = "$(TARGET_NAME)";
				SWIFT_VERSION = 5.0;
				TARGETED_DEVICE_FAMILY = "1,2";
			};
			name = Release;
		};
		3FD30AFE2547A3F70090E936 /* Debug */ = {
			isa = XCBuildConfiguration;
			buildSettings = {
				ALWAYS_EMBED_SWIFT_STANDARD_LIBRARIES = YES;
				BUNDLE_LOADER = "$(TEST_HOST)";
				CODE_SIGN_STYLE = Automatic;
				DEVELOPMENT_TEAM = 9F3792KRJK;
				INFOPLIST_FILE = SnacktacularTests/Info.plist;
				IPHONEOS_DEPLOYMENT_TARGET = 14.0;
				LD_RUNPATH_SEARCH_PATHS = (
					"$(inherited)",
					"@executable_path/Frameworks",
					"@loader_path/Frameworks",
				);
				PRODUCT_BUNDLE_IDENTIFIER = com.Bertram.SnacktacularTests;
				PRODUCT_NAME = "$(TARGET_NAME)";
				SWIFT_VERSION = 5.0;
				TARGETED_DEVICE_FAMILY = "1,2";
				TEST_HOST = "$(BUILT_PRODUCTS_DIR)/Snacktacular.app/Snacktacular";
			};
			name = Debug;
		};
		3FD30AFF2547A3F70090E936 /* Release */ = {
			isa = XCBuildConfiguration;
			buildSettings = {
				ALWAYS_EMBED_SWIFT_STANDARD_LIBRARIES = YES;
				BUNDLE_LOADER = "$(TEST_HOST)";
				CODE_SIGN_STYLE = Automatic;
				DEVELOPMENT_TEAM = 9F3792KRJK;
				INFOPLIST_FILE = SnacktacularTests/Info.plist;
				IPHONEOS_DEPLOYMENT_TARGET = 14.0;
				LD_RUNPATH_SEARCH_PATHS = (
					"$(inherited)",
					"@executable_path/Frameworks",
					"@loader_path/Frameworks",
				);
				PRODUCT_BUNDLE_IDENTIFIER = com.Bertram.SnacktacularTests;
				PRODUCT_NAME = "$(TARGET_NAME)";
				SWIFT_VERSION = 5.0;
				TARGETED_DEVICE_FAMILY = "1,2";
				TEST_HOST = "$(BUILT_PRODUCTS_DIR)/Snacktacular.app/Snacktacular";
			};
			name = Release;
		};
		3FD30B012547A3F70090E936 /* Debug */ = {
			isa = XCBuildConfiguration;
			buildSettings = {
				ALWAYS_EMBED_SWIFT_STANDARD_LIBRARIES = YES;
				CODE_SIGN_STYLE = Automatic;
				DEVELOPMENT_TEAM = 9F3792KRJK;
				INFOPLIST_FILE = SnacktacularUITests/Info.plist;
				LD_RUNPATH_SEARCH_PATHS = (
					"$(inherited)",
					"@executable_path/Frameworks",
					"@loader_path/Frameworks",
				);
				PRODUCT_BUNDLE_IDENTIFIER = com.Bertram.SnacktacularUITests;
				PRODUCT_NAME = "$(TARGET_NAME)";
				SWIFT_VERSION = 5.0;
				TARGETED_DEVICE_FAMILY = "1,2";
				TEST_TARGET_NAME = Snacktacular;
			};
			name = Debug;
		};
		3FD30B022547A3F70090E936 /* Release */ = {
			isa = XCBuildConfiguration;
			buildSettings = {
				ALWAYS_EMBED_SWIFT_STANDARD_LIBRARIES = YES;
				CODE_SIGN_STYLE = Automatic;
				DEVELOPMENT_TEAM = 9F3792KRJK;
				INFOPLIST_FILE = SnacktacularUITests/Info.plist;
				LD_RUNPATH_SEARCH_PATHS = (
					"$(inherited)",
					"@executable_path/Frameworks",
					"@loader_path/Frameworks",
				);
				PRODUCT_BUNDLE_IDENTIFIER = com.Bertram.SnacktacularUITests;
				PRODUCT_NAME = "$(TARGET_NAME)";
				SWIFT_VERSION = 5.0;
				TARGETED_DEVICE_FAMILY = "1,2";
				TEST_TARGET_NAME = Snacktacular;
			};
			name = Release;
		};
/* End XCBuildConfiguration section */

/* Begin XCConfigurationList section */
		3FD30ACB2547A3F10090E936 /* Build configuration list for PBXProject "Snacktacular" */ = {
			isa = XCConfigurationList;
			buildConfigurations = (
				3FD30AF82547A3F70090E936 /* Debug */,
				3FD30AF92547A3F70090E936 /* Release */,
			);
			defaultConfigurationIsVisible = 0;
			defaultConfigurationName = Release;
		};
		3FD30AFA2547A3F70090E936 /* Build configuration list for PBXNativeTarget "Snacktacular" */ = {
			isa = XCConfigurationList;
			buildConfigurations = (
				3FD30AFB2547A3F70090E936 /* Debug */,
				3FD30AFC2547A3F70090E936 /* Release */,
			);
			defaultConfigurationIsVisible = 0;
			defaultConfigurationName = Release;
		};
		3FD30AFD2547A3F70090E936 /* Build configuration list for PBXNativeTarget "SnacktacularTests" */ = {
			isa = XCConfigurationList;
			buildConfigurations = (
				3FD30AFE2547A3F70090E936 /* Debug */,
				3FD30AFF2547A3F70090E936 /* Release */,
			);
			defaultConfigurationIsVisible = 0;
			defaultConfigurationName = Release;
		};
		3FD30B002547A3F70090E936 /* Build configuration list for PBXNativeTarget "SnacktacularUITests" */ = {
			isa = XCConfigurationList;
			buildConfigurations = (
				3FD30B012547A3F70090E936 /* Debug */,
				3FD30B022547A3F70090E936 /* Release */,
			);
			defaultConfigurationIsVisible = 0;
			defaultConfigurationName = Release;
		};
/* End XCConfigurationList section */
	};
	rootObject = 3FD30AC82547A3F10090E936 /* Project object */;
}
